
Microsoft Visual Studio Solution File, Format Version 11.00
# Visual Studio 2010
Project("{8BC9CEB8-8B4A-11D0-8D11-00A0C91BC942}") = "directory_watcher", "directory_watcher.vcxproj", "{E1F6BADA-F001-43FC-92D0-75809679EEA9}"
EndProject
Global
	GlobalSection(SolutionConfigurationPlatforms) = preSolution
		Debug|Win32 = Debug|Win32
		Release|Win32 = Release|Win32
	EndGlobalSection
	GlobalSection(ProjectConfigurationPlatforms) = postSolution
		{E1F6BADA-F001-43FC-92D0-75809679EEA9}.Debug|Win32.ActiveCfg = Debug|Win32
		{E1F6BADA-F001-43FC-92D0-75809679EEA9}.Debug|Win32.Build.0 = Debug|Win32
		{E1F6BADA-F001-43FC-92D0-75809679EEA9}.Release|Win32.ActiveCfg = Release|Win32
		{E1F6BADA-F001-43FC-92D0-75809679EEA9}.Release|Win32.Build.0 = Release|Win32
	EndGlobalSection
	GlobalSection(SolutionProperties) = preSolution
		HideSolutionNode = FALSE
	EndGlobalSection
EndGlobal
